<?xml version="1.0" encoding="utf-8"?>
<Project ToolsVersion="4.0" xmlns="http://schemas.microsoft.com/developer/msbuild/2003">
  <ItemGroup>
    <Filter Include="Source Files">
      <UniqueIdentifier>{4FC737F1-C7A5-4376-A066-2A32D752A2FF}</UniqueIdentifier>
      <Extensions>cpp;c;cc;cxx;c++;cppm;ixx;def;odl;idl;hpj;bat;asm;asmx</Extensions>
    </Filter>
    <Filter Include="Header Files">
      <UniqueIdentifier>{93995380-89BD-4b04-88EB-625FBE52EBFB}</UniqueIdentifier>
      <Extensions>h;hh;hpp;hxx;h++;hm;inl;inc;ipp;xsd</Extensions>
    </Filter>
    <Filter Include="Resource Files">
      <UniqueIdentifier>{67DA6AB6-F800-4c08-8B7A-83BB121AAD01}</UniqueIdentifier>
      <Extensions>rc;ico;cur;bmp;dlg;rc2;rct;bin;rgs;gif;jpg;jpeg;jpe;resx;tiff;tif;png;wav;mfcribbon-ms</Extensions>
    </Filter>
    <Filter Include="Header Files\Types headers">
      <UniqueIdentifier>{d9b86da0-cb10-42f6-b6fc-9adf1fde51e4}</UniqueIdentifier>
    </Filter>
    <Filter Include="Source Files\Types cpp">
      <UniqueIdentifier>{a64a7ac1-028a-4c85-95d4-b3b88904a7a5}</UniqueIdentifier>
    </Filter>
  </ItemGroup>
  <ItemGroup>
    <ClInclude Include="files\Renderer.h">
      <Filter>Header Files</Filter>
    </ClInclude>
    <ClInclude Include="files\Grid.h">
      <Filter>Header Files</Filter>
    </ClInclude>
    <ClInclude Include="files\Constants.h">
      <Filter>Header Files</Filter>
    </ClInclude>
    <ClInclude Include="files\Grain.h">
      <Filter>Header Files</Filter>
    </ClInclude>
    <ClInclude Include="files\Random.h">
      <Filter>Header Files</Filter>
    </ClInclude>
    <ClInclude Include="files\Types\Sand.h">
      <Filter>Header Files\Types headers</Filter>
    </ClInclude>
    <ClInclude Include="files\Types\Water.h">
      <Filter>Header Files\Types headers</Filter>
    </ClInclude>
    <ClInclude Include="files\Types\Mud.h">
      <Filter>Header Files\Types headers</Filter>
    </ClInclude>
  </ItemGroup>
  <ItemGroup>
    <ClCompile Include="files\Grain.cpp">
      <Filter>Source Files</Filter>
    </ClCompile>
    <ClCompile Include="files\Grid.cpp">
      <Filter>Source Files</Filter>
    </ClCompile>
    <ClCompile Include="files\main.cpp">
      <Filter>Source Files</Filter>
    </ClCompile>
    <ClCompile Include="files\Random.cpp">
      <Filter>Source Files</Filter>
    </ClCompile>
    <ClCompile Include="files\Renderer.cpp">
      <Filter>Source Files</Filter>
    </ClCompile>
    <ClCompile Include="files\Types\Sand.cpp">
      <Filter>Source Files\Types cpp</Filter>
    </ClCompile>
    <ClCompile Include="files\Types\Water.cpp">
      <Filter>Source Files\Types cpp</Filter>
    </ClCompile>
    <ClCompile Include="files\Types\Mud.cpp">
      <Filter>Source Files\Types cpp</Filter>
    </ClCompile>
  </ItemGroup>
</Project>